# THIS IS AN AUTOGENERATED FILE. DO NOT EDIT THIS FILE DIRECTLY.
# yarn lockfile v1


"@types/jest@^23.3.10":
  version "23.3.10"
  resolved "https://registry.yarnpkg.com/@types/jest/-/jest-23.3.10.tgz#4897974cc317bf99d4fe6af1efa15957fa9c94de"
  integrity sha512-DC8xTuW/6TYgvEg3HEXS7cu9OijFqprVDXXiOcdOKZCU/5PJNLZU37VVvmZHdtMiGOa8wAA/We+JzbdxFzQTRQ==
